
Microsoft Visual Studio Solution File, Format Version 12.00
# Visual Studio 15
VisualStudioVersion = 15.0.28307.136
MinimumVisualStudioVersion = 10.0.40219.1
Project("{9A19103F-16F7-4668-BE54-9A1E7A4F7556}") = "ServiceMonitor", "ServiceMonitor\ServiceMonitor.csproj", "{8458C65D-5A65-4042-AF01-E3A7230B71E8}"
EndProject
Project("{9A19103F-16F7-4668-BE54-9A1E7A4F7556}") = "ServiceMonitor.Common", "ServiceMonitor.Common\ServiceMonitor.Common.csproj", "{A537ADE5-A805-46A8-9FCA-E19C37DAA942}"
EndProject
Project("{9A19103F-16F7-4668-BE54-9A1E7A4F7556}") = "ServiceMonitor.Core", "ServiceMonitor.Core\ServiceMonitor.Core.csproj", "{8FF150CF-C820-429C-9C2A-338BEB786688}"
EndProject
Project("{9A19103F-16F7-4668-BE54-9A1E7A4F7556}") = "ServiceMonitor.WebAPI", "ServiceMonitor.WebAPI\ServiceMonitor.WebAPI.csproj", "{96E46372-28A4-4D82-A98D-690BABB4B1E0}"
EndProject
Project("{FAE04EC0-301F-11D3-BF4B-00C04F79EFBC}") = "ServiceMonitor.Seed", "ServiceMonitor.Seed\ServiceMonitor.Seed.csproj", "{EB047247-5FD6-4E66-9515-55BD8E2D68E2}"
EndProject
Global
	GlobalSection(SolutionConfigurationPlatforms) = preSolution
		Debug|Any CPU = Debug|Any CPU
		Release|Any CPU = Release|Any CPU
	EndGlobalSection
	GlobalSection(ProjectConfigurationPlatforms) = postSolution
		{8458C65D-5A65-4042-AF01-E3A7230B71E8}.Debug|Any CPU.ActiveCfg = Debug|Any CPU
		{8458C65D-5A65-4042-AF01-E3A7230B71E8}.Debug|Any CPU.Build.0 = Debug|Any CPU
		{8458C65D-5A65-4042-AF01-E3A7230B71E8}.Release|Any CPU.ActiveCfg = Release|Any CPU
		{8458C65D-5A65-4042-AF01-E3A7230B71E8}.Release|Any CPU.Build.0 = Release|Any CPU
		{A537ADE5-A805-46A8-9FCA-E19C37DAA942}.Debug|Any CPU.ActiveCfg = Debug|Any CPU
		{A537ADE5-A805-46A8-9FCA-E19C37DAA942}.Debug|Any CPU.Build.0 = Debug|Any CPU
		{A537ADE5-A805-46A8-9FCA-E19C37DAA942}.Release|Any CPU.ActiveCfg = Release|Any CPU
		{A537ADE5-A805-46A8-9FCA-E19C37DAA942}.Release|Any CPU.Build.0 = Release|Any CPU
		{8FF150CF-C820-429C-9C2A-338BEB786688}.Debug|Any CPU.ActiveCfg = Debug|Any CPU
		{8FF150CF-C820-429C-9C2A-338BEB786688}.Debug|Any CPU.Build.0 = Debug|Any CPU
		{8FF150CF-C820-429C-9C2A-338BEB786688}.Release|Any CPU.ActiveCfg = Release|Any CPU
		{8FF150CF-C820-429C-9C2A-338BEB786688}.Release|Any CPU.Build.0 = Release|Any CPU
		{96E46372-28A4-4D82-A98D-690BABB4B1E0}.Debug|Any CPU.ActiveCfg = Debug|Any CPU
		{96E46372-28A4-4D82-A98D-690BABB4B1E0}.Debug|Any CPU.Build.0 = Debug|Any CPU
		{96E46372-28A4-4D82-A98D-690BABB4B1E0}.Release|Any CPU.ActiveCfg = Release|Any CPU
		{96E46372-28A4-4D82-A98D-690BABB4B1E0}.Release|Any CPU.Build.0 = Release|Any CPU
		{EB047247-5FD6-4E66-9515-55BD8E2D68E2}.Debug|Any CPU.ActiveCfg = Debug|Any CPU
		{EB047247-5FD6-4E66-9515-55BD8E2D68E2}.Debug|Any CPU.Build.0 = Debug|Any CPU
		{EB047247-5FD6-4E66-9515-55BD8E2D68E2}.Release|Any CPU.ActiveCfg = Release|Any CPU
		{EB047247-5FD6-4E66-9515-55BD8E2D68E2}.Release|Any CPU.Build.0 = Release|Any CPU
	EndGlobalSection
	GlobalSection(SolutionProperties) = preSolution
		HideSolutionNode = FALSE
	EndGlobalSection
	GlobalSection(ExtensibilityGlobals) = postSolution
		SolutionGuid = {95A223E3-3DB3-4737-84D4-22A1D6AD851B}
	EndGlobalSection
EndGlobal
