
Microsoft Visual Studio Solution File, Format Version 12.00
# Visual Studio 14
VisualStudioVersion = 14.0.25420.1
MinimumVisualStudioVersion = 10.0.40219.1
Project("{2150E333-8FDC-42A3-9474-1A3956D46DE8}") = "src", "src", "{628F2C4F-3C61-4ABB-9757-C5F50C9670E2}"
EndProject
Project("{2150E333-8FDC-42A3-9474-1A3956D46DE8}") = "Solution Items", "Solution Items", "{300A64C5-E813-431F-A7E1-8F7CAA43AEF2}"
	ProjectSection(SolutionItems) = preProject
		global.json = global.json
	EndProjectSection
EndProject
Project("{8BB2217D-0F2D-49D1-97BC-3654ED321F3B}") = "ServiceMonitor", "src\ServiceMonitor\ServiceMonitor.xproj", "{84706D1A-1F65-4589-8DD4-977BBAEE5DA6}"
EndProject
Project("{2150E333-8FDC-42A3-9474-1A3956D46DE8}") = "test", "test", "{F8E4DCDA-FDC1-4174-B8FA-4239D129A6CA}"
EndProject
Project("{8BB2217D-0F2D-49D1-97BC-3654ED321F3B}") = "ServiceMonitor.API.Tests", "test\ServiceMonitor.API.Tests\ServiceMonitor.API.Tests.xproj", "{4A87B8C3-BE7A-4877-8461-F76D9962DFB9}"
EndProject
Project("{8BB2217D-0F2D-49D1-97BC-3654ED321F3B}") = "ServiceMonitor.Core", "src\ServiceMonitor.Core\ServiceMonitor.Core.xproj", "{7DA8E5F0-2E44-4907-AFC1-2275401CD7FA}"
EndProject
Project("{8BB2217D-0F2D-49D1-97BC-3654ED321F3B}") = "ServiceMonitor.Common", "src\ServiceMonitor.Common\ServiceMonitor.Common.xproj", "{0B515434-AD4A-4C71-9740-9F82864EF4D7}"
EndProject
Project("{8BB2217D-0F2D-49D1-97BC-3654ED321F3B}") = "ServiceMonitor.API", "src\ServiceMonitor.API\ServiceMonitor.API.xproj", "{6826BE97-7B6D-48F0-B765-0108F9575A03}"
EndProject
Global
	GlobalSection(SolutionConfigurationPlatforms) = preSolution
		Debug|Any CPU = Debug|Any CPU
		Release|Any CPU = Release|Any CPU
	EndGlobalSection
	GlobalSection(ProjectConfigurationPlatforms) = postSolution
		{84706D1A-1F65-4589-8DD4-977BBAEE5DA6}.Debug|Any CPU.ActiveCfg = Debug|Any CPU
		{84706D1A-1F65-4589-8DD4-977BBAEE5DA6}.Debug|Any CPU.Build.0 = Debug|Any CPU
		{84706D1A-1F65-4589-8DD4-977BBAEE5DA6}.Release|Any CPU.ActiveCfg = Release|Any CPU
		{84706D1A-1F65-4589-8DD4-977BBAEE5DA6}.Release|Any CPU.Build.0 = Release|Any CPU
		{4A87B8C3-BE7A-4877-8461-F76D9962DFB9}.Debug|Any CPU.ActiveCfg = Debug|Any CPU
		{4A87B8C3-BE7A-4877-8461-F76D9962DFB9}.Debug|Any CPU.Build.0 = Debug|Any CPU
		{4A87B8C3-BE7A-4877-8461-F76D9962DFB9}.Release|Any CPU.ActiveCfg = Release|Any CPU
		{4A87B8C3-BE7A-4877-8461-F76D9962DFB9}.Release|Any CPU.Build.0 = Release|Any CPU
		{7DA8E5F0-2E44-4907-AFC1-2275401CD7FA}.Debug|Any CPU.ActiveCfg = Debug|Any CPU
		{7DA8E5F0-2E44-4907-AFC1-2275401CD7FA}.Debug|Any CPU.Build.0 = Debug|Any CPU
		{7DA8E5F0-2E44-4907-AFC1-2275401CD7FA}.Release|Any CPU.ActiveCfg = Release|Any CPU
		{7DA8E5F0-2E44-4907-AFC1-2275401CD7FA}.Release|Any CPU.Build.0 = Release|Any CPU
		{0B515434-AD4A-4C71-9740-9F82864EF4D7}.Debug|Any CPU.ActiveCfg = Debug|Any CPU
		{0B515434-AD4A-4C71-9740-9F82864EF4D7}.Debug|Any CPU.Build.0 = Debug|Any CPU
		{0B515434-AD4A-4C71-9740-9F82864EF4D7}.Release|Any CPU.ActiveCfg = Release|Any CPU
		{0B515434-AD4A-4C71-9740-9F82864EF4D7}.Release|Any CPU.Build.0 = Release|Any CPU
		{6826BE97-7B6D-48F0-B765-0108F9575A03}.Debug|Any CPU.ActiveCfg = Debug|Any CPU
		{6826BE97-7B6D-48F0-B765-0108F9575A03}.Debug|Any CPU.Build.0 = Debug|Any CPU
		{6826BE97-7B6D-48F0-B765-0108F9575A03}.Release|Any CPU.ActiveCfg = Release|Any CPU
		{6826BE97-7B6D-48F0-B765-0108F9575A03}.Release|Any CPU.Build.0 = Release|Any CPU
	EndGlobalSection
	GlobalSection(SolutionProperties) = preSolution
		HideSolutionNode = FALSE
	EndGlobalSection
	GlobalSection(NestedProjects) = preSolution
		{84706D1A-1F65-4589-8DD4-977BBAEE5DA6} = {628F2C4F-3C61-4ABB-9757-C5F50C9670E2}
		{4A87B8C3-BE7A-4877-8461-F76D9962DFB9} = {F8E4DCDA-FDC1-4174-B8FA-4239D129A6CA}
		{7DA8E5F0-2E44-4907-AFC1-2275401CD7FA} = {628F2C4F-3C61-4ABB-9757-C5F50C9670E2}
		{0B515434-AD4A-4C71-9740-9F82864EF4D7} = {628F2C4F-3C61-4ABB-9757-C5F50C9670E2}
		{6826BE97-7B6D-48F0-B765-0108F9575A03} = {628F2C4F-3C61-4ABB-9757-C5F50C9670E2}
	EndGlobalSection
EndGlobal
