
Microsoft Visual Studio Solution File, Format Version 12.00
# Visual Studio Version 17
VisualStudioVersion = 17.3.32825.248
MinimumVisualStudioVersion = 10.0.40219.1
Project("{FAE04EC0-301F-11D3-BF4B-00C04F79EFBC}") = "TheWatcher.EntityModel", "TheWatcher.EntityModel.csproj", "{221E9994-59EB-40C7-AC69-CE2B2C381915}"
EndProject
Global
	GlobalSection(SolutionConfigurationPlatforms) = preSolution
		Debug|Any CPU = Debug|Any CPU
		Release|Any CPU = Release|Any CPU
	EndGlobalSection
	GlobalSection(ProjectConfigurationPlatforms) = postSolution
		{221E9994-59EB-40C7-AC69-CE2B2C381915}.Debug|Any CPU.ActiveCfg = Debug|Any CPU
		{221E9994-59EB-40C7-AC69-CE2B2C381915}.Debug|Any CPU.Build.0 = Debug|Any CPU
		{221E9994-59EB-40C7-AC69-CE2B2C381915}.Release|Any CPU.ActiveCfg = Release|Any CPU
		{221E9994-59EB-40C7-AC69-CE2B2C381915}.Release|Any CPU.Build.0 = Release|Any CPU
	EndGlobalSection
	GlobalSection(SolutionProperties) = preSolution
		HideSolutionNode = FALSE
	EndGlobalSection
	GlobalSection(ExtensibilityGlobals) = postSolution
		SolutionGuid = {03140B89-F9FC-46DE-94A2-A63637490773}
	EndGlobalSection
EndGlobal
