
Microsoft Visual Studio Solution File, Format Version 12.00
# Visual Studio 15
VisualStudioVersion = 15.0.27428.2037
MinimumVisualStudioVersion = 10.0.40219.1
Project("{FAE04EC0-301F-11D3-BF4B-00C04F79EFBC}") = "ServiceMonitor", "ServiceMonitor\ServiceMonitor.csproj", "{40A9989F-330B-4B70-AABF-37A4AABB665C}"
EndProject
Project("{FAE04EC0-301F-11D3-BF4B-00C04F79EFBC}") = "ServiceMonitor.Common", "ServiceMonitor.Common\ServiceMonitor.Common.csproj", "{832DA31B-D14D-451C-A87B-A22E23D4E73F}"
EndProject
Project("{FAE04EC0-301F-11D3-BF4B-00C04F79EFBC}") = "ServiceMonitor.API", "ServiceMonitor.API\ServiceMonitor.API.csproj", "{7587117F-5270-4512-8DD4-9B3CF32307C3}"
EndProject
Project("{FAE04EC0-301F-11D3-BF4B-00C04F79EFBC}") = "ServiceMonitor.Core", "ServiceMonitor.Core\ServiceMonitor.Core.csproj", "{417480C7-5FDB-4AD9-8CD1-F62DDE89A92D}"
EndProject
Global
	GlobalSection(SolutionConfigurationPlatforms) = preSolution
		Debug|Any CPU = Debug|Any CPU
		Release|Any CPU = Release|Any CPU
	EndGlobalSection
	GlobalSection(ProjectConfigurationPlatforms) = postSolution
		{40A9989F-330B-4B70-AABF-37A4AABB665C}.Debug|Any CPU.ActiveCfg = Debug|Any CPU
		{40A9989F-330B-4B70-AABF-37A4AABB665C}.Debug|Any CPU.Build.0 = Debug|Any CPU
		{40A9989F-330B-4B70-AABF-37A4AABB665C}.Release|Any CPU.ActiveCfg = Release|Any CPU
		{40A9989F-330B-4B70-AABF-37A4AABB665C}.Release|Any CPU.Build.0 = Release|Any CPU
		{832DA31B-D14D-451C-A87B-A22E23D4E73F}.Debug|Any CPU.ActiveCfg = Debug|Any CPU
		{832DA31B-D14D-451C-A87B-A22E23D4E73F}.Debug|Any CPU.Build.0 = Debug|Any CPU
		{832DA31B-D14D-451C-A87B-A22E23D4E73F}.Release|Any CPU.ActiveCfg = Release|Any CPU
		{832DA31B-D14D-451C-A87B-A22E23D4E73F}.Release|Any CPU.Build.0 = Release|Any CPU
		{7587117F-5270-4512-8DD4-9B3CF32307C3}.Debug|Any CPU.ActiveCfg = Debug|Any CPU
		{7587117F-5270-4512-8DD4-9B3CF32307C3}.Debug|Any CPU.Build.0 = Debug|Any CPU
		{7587117F-5270-4512-8DD4-9B3CF32307C3}.Release|Any CPU.ActiveCfg = Release|Any CPU
		{7587117F-5270-4512-8DD4-9B3CF32307C3}.Release|Any CPU.Build.0 = Release|Any CPU
		{417480C7-5FDB-4AD9-8CD1-F62DDE89A92D}.Debug|Any CPU.ActiveCfg = Debug|Any CPU
		{417480C7-5FDB-4AD9-8CD1-F62DDE89A92D}.Debug|Any CPU.Build.0 = Debug|Any CPU
		{417480C7-5FDB-4AD9-8CD1-F62DDE89A92D}.Release|Any CPU.ActiveCfg = Release|Any CPU
		{417480C7-5FDB-4AD9-8CD1-F62DDE89A92D}.Release|Any CPU.Build.0 = Release|Any CPU
	EndGlobalSection
	GlobalSection(SolutionProperties) = preSolution
		HideSolutionNode = FALSE
	EndGlobalSection
	GlobalSection(ExtensibilityGlobals) = postSolution
		SolutionGuid = {A9AA0EFA-C536-4D15-BFB0-AD01EE1C971E}
	EndGlobalSection
EndGlobal
